
Microsoft Visual Studio Solution File, Format Version 12.00
# Visual Studio Version 17
VisualStudioVersion = 17.2.32526.322
MinimumVisualStudioVersion = 10.0.40219.1
Project("{2150E333-8FDC-42A3-9474-1A3956D46DE8}") = "src", "src", "{F04A8459-D209-4102-96B6-3D983603B581}"
EndProject
Project("{2150E333-8FDC-42A3-9474-1A3956D46DE8}") = "tests", "tests", "{66073E81-389B-45D9-8BDE-428A7A21BE8E}"
EndProject
Project("{2150E333-8FDC-42A3-9474-1A3956D46DE8}") = "API", "API", "{DC4CAD22-BD3F-40EA-9DE1-3BC0CFC56F64}"
EndProject
Project("{2150E333-8FDC-42A3-9474-1A3956D46DE8}") = "Core", "Core", "{81E5FA59-D4D4-4EF5-A03D-E0128863B903}"
EndProject
Project("{2150E333-8FDC-42A3-9474-1A3956D46DE8}") = "Infrastructure", "Infrastructure", "{4EB7EA32-D021-4373-98CE-432B3965CCFF}"
EndProject
Project("{2150E333-8FDC-42A3-9474-1A3956D46DE8}") = "UI", "UI", "{649D2EF5-2BD6-45EB-8CD1-63A4B37A7D34}"
EndProject
Project("{9A19103F-16F7-4668-BE54-9A1E7A4F7556}") = "HR.LeaveManagement.Domain", "HR.LeaveManagement.Domain\HR.LeaveManagement.Domain.csproj", "{ED1DD6EC-A067-405B-A49F-DD8957EDB043}"
EndProject
Project("{9A19103F-16F7-4668-BE54-9A1E7A4F7556}") = "HR.LeaveManagement.Application", "HR.LeaveManagement.Application\HR.LeaveManagement.Application.csproj", "{6CB8F899-C5C2-4106-BD14-8F8C88885A69}"
EndProject
Project("{9A19103F-16F7-4668-BE54-9A1E7A4F7556}") = "HR.LeaveManagement.Infrastructure", "HR.LeaveManagement.Infrastructure\HR.LeaveManagement.Infrastructure.csproj", "{755374F0-60FF-4599-8187-006A8ED282BB}"
EndProject
Project("{9A19103F-16F7-4668-BE54-9A1E7A4F7556}") = "HR.LeaveManagement.Persistence", "HR.LeaveManagement.Persistence\HR.LeaveManagement.Persistence.csproj", "{CB14A9F0-164F-489F-9D05-0C3077652A13}"
EndProject
Project("{9A19103F-16F7-4668-BE54-9A1E7A4F7556}") = "HR.LeaveManagement.Api", "HR.LeaveManagement.Api\HR.LeaveManagement.Api.csproj", "{E9C81536-25F8-42B2-BDDF-F4F41CA4BFF3}"
EndProject
Project("{9A19103F-16F7-4668-BE54-9A1E7A4F7556}") = "HR.LeaveManagement.Identity", "HR.LeaveManagement.Identity\HR.LeaveManagement.Identity.csproj", "{C81E3C39-AB6F-47F4-9651-F1B1A1896D38}"
EndProject
Project("{9A19103F-16F7-4668-BE54-9A1E7A4F7556}") = "HR.LeaveManagement.Application.UnıtTest", "HR.LeaveManagement.Application.UnıtTest\HR.LeaveManagement.Application.UnıtTest.csproj", "{743FB70F-924D-40E2-B9B2-AB49F88E4C26}"
EndProject
Project("{9A19103F-16F7-4668-BE54-9A1E7A4F7556}") = "HR.LeaveManagement.MVC", "HR.LeaveManagement.MVC\HR.LeaveManagement.MVC.csproj", "{76338556-565C-43E9-B195-56D3D6D6A161}"
EndProject
Global
	GlobalSection(SolutionConfigurationPlatforms) = preSolution
		Debug|Any CPU = Debug|Any CPU
		Release|Any CPU = Release|Any CPU
	EndGlobalSection
	GlobalSection(ProjectConfigurationPlatforms) = postSolution
		{ED1DD6EC-A067-405B-A49F-DD8957EDB043}.Debug|Any CPU.ActiveCfg = Debug|Any CPU
		{ED1DD6EC-A067-405B-A49F-DD8957EDB043}.Debug|Any CPU.Build.0 = Debug|Any CPU
		{ED1DD6EC-A067-405B-A49F-DD8957EDB043}.Release|Any CPU.ActiveCfg = Release|Any CPU
		{ED1DD6EC-A067-405B-A49F-DD8957EDB043}.Release|Any CPU.Build.0 = Release|Any CPU
		{6CB8F899-C5C2-4106-BD14-8F8C88885A69}.Debug|Any CPU.ActiveCfg = Debug|Any CPU
		{6CB8F899-C5C2-4106-BD14-8F8C88885A69}.Debug|Any CPU.Build.0 = Debug|Any CPU
		{6CB8F899-C5C2-4106-BD14-8F8C88885A69}.Release|Any CPU.ActiveCfg = Release|Any CPU
		{6CB8F899-C5C2-4106-BD14-8F8C88885A69}.Release|Any CPU.Build.0 = Release|Any CPU
		{755374F0-60FF-4599-8187-006A8ED282BB}.Debug|Any CPU.ActiveCfg = Debug|Any CPU
		{755374F0-60FF-4599-8187-006A8ED282BB}.Debug|Any CPU.Build.0 = Debug|Any CPU
		{755374F0-60FF-4599-8187-006A8ED282BB}.Release|Any CPU.ActiveCfg = Release|Any CPU
		{755374F0-60FF-4599-8187-006A8ED282BB}.Release|Any CPU.Build.0 = Release|Any CPU
		{CB14A9F0-164F-489F-9D05-0C3077652A13}.Debug|Any CPU.ActiveCfg = Debug|Any CPU
		{CB14A9F0-164F-489F-9D05-0C3077652A13}.Debug|Any CPU.Build.0 = Debug|Any CPU
		{CB14A9F0-164F-489F-9D05-0C3077652A13}.Release|Any CPU.ActiveCfg = Release|Any CPU
		{CB14A9F0-164F-489F-9D05-0C3077652A13}.Release|Any CPU.Build.0 = Release|Any CPU
		{E9C81536-25F8-42B2-BDDF-F4F41CA4BFF3}.Debug|Any CPU.ActiveCfg = Debug|Any CPU
		{E9C81536-25F8-42B2-BDDF-F4F41CA4BFF3}.Debug|Any CPU.Build.0 = Debug|Any CPU
		{E9C81536-25F8-42B2-BDDF-F4F41CA4BFF3}.Release|Any CPU.ActiveCfg = Release|Any CPU
		{E9C81536-25F8-42B2-BDDF-F4F41CA4BFF3}.Release|Any CPU.Build.0 = Release|Any CPU
		{C81E3C39-AB6F-47F4-9651-F1B1A1896D38}.Debug|Any CPU.ActiveCfg = Debug|Any CPU
		{C81E3C39-AB6F-47F4-9651-F1B1A1896D38}.Debug|Any CPU.Build.0 = Debug|Any CPU
		{C81E3C39-AB6F-47F4-9651-F1B1A1896D38}.Release|Any CPU.ActiveCfg = Release|Any CPU
		{C81E3C39-AB6F-47F4-9651-F1B1A1896D38}.Release|Any CPU.Build.0 = Release|Any CPU
		{743FB70F-924D-40E2-B9B2-AB49F88E4C26}.Debug|Any CPU.ActiveCfg = Debug|Any CPU
		{743FB70F-924D-40E2-B9B2-AB49F88E4C26}.Debug|Any CPU.Build.0 = Debug|Any CPU
		{743FB70F-924D-40E2-B9B2-AB49F88E4C26}.Release|Any CPU.ActiveCfg = Release|Any CPU
		{743FB70F-924D-40E2-B9B2-AB49F88E4C26}.Release|Any CPU.Build.0 = Release|Any CPU
		{76338556-565C-43E9-B195-56D3D6D6A161}.Debug|Any CPU.ActiveCfg = Debug|Any CPU
		{76338556-565C-43E9-B195-56D3D6D6A161}.Debug|Any CPU.Build.0 = Debug|Any CPU
		{76338556-565C-43E9-B195-56D3D6D6A161}.Release|Any CPU.ActiveCfg = Release|Any CPU
		{76338556-565C-43E9-B195-56D3D6D6A161}.Release|Any CPU.Build.0 = Release|Any CPU
	EndGlobalSection
	GlobalSection(SolutionProperties) = preSolution
		HideSolutionNode = FALSE
	EndGlobalSection
	GlobalSection(NestedProjects) = preSolution
		{DC4CAD22-BD3F-40EA-9DE1-3BC0CFC56F64} = {F04A8459-D209-4102-96B6-3D983603B581}
		{81E5FA59-D4D4-4EF5-A03D-E0128863B903} = {F04A8459-D209-4102-96B6-3D983603B581}
		{4EB7EA32-D021-4373-98CE-432B3965CCFF} = {F04A8459-D209-4102-96B6-3D983603B581}
		{649D2EF5-2BD6-45EB-8CD1-63A4B37A7D34} = {F04A8459-D209-4102-96B6-3D983603B581}
		{ED1DD6EC-A067-405B-A49F-DD8957EDB043} = {81E5FA59-D4D4-4EF5-A03D-E0128863B903}
		{6CB8F899-C5C2-4106-BD14-8F8C88885A69} = {81E5FA59-D4D4-4EF5-A03D-E0128863B903}
		{755374F0-60FF-4599-8187-006A8ED282BB} = {4EB7EA32-D021-4373-98CE-432B3965CCFF}
		{CB14A9F0-164F-489F-9D05-0C3077652A13} = {4EB7EA32-D021-4373-98CE-432B3965CCFF}
		{E9C81536-25F8-42B2-BDDF-F4F41CA4BFF3} = {DC4CAD22-BD3F-40EA-9DE1-3BC0CFC56F64}
		{C81E3C39-AB6F-47F4-9651-F1B1A1896D38} = {4EB7EA32-D021-4373-98CE-432B3965CCFF}
		{743FB70F-924D-40E2-B9B2-AB49F88E4C26} = {66073E81-389B-45D9-8BDE-428A7A21BE8E}
		{76338556-565C-43E9-B195-56D3D6D6A161} = {649D2EF5-2BD6-45EB-8CD1-63A4B37A7D34}
	EndGlobalSection
	GlobalSection(ExtensibilityGlobals) = postSolution
		SolutionGuid = {AC99FB05-AD84-4A07-8285-D7926CC4BE8C}
	EndGlobalSection
EndGlobal
